// !$*UTF8*$!
{
	archiveVersion = 1;
	classes = {
	};
	objectVersion = 56;
	objects = {

/* Begin PBXBuildFile section */
		47113D8C2B96616F00C370F7 /* GradientView.swift in Sources */ = {isa = PBXBuildFile; fileRef = 47113D8B2B96616F00C370F7 /* GradientView.swift */; };
		47136FE12B926AF200334982 /* AppDelegate.swift in Sources */ = {isa = PBXBuildFile; fileRef = 47136FE02B926AF200334982 /* AppDelegate.swift */; };
		47136FE32B926AF200334982 /* SceneDelegate.swift in Sources */ = {isa = PBXBuildFile; fileRef = 47136FE22B926AF200334982 /* SceneDelegate.swift */; };
		47136FE52B926AF200334982 /* ImagesListViewController.swift in Sources */ = {isa = PBXBuildFile; fileRef = 47136FE42B926AF200334982 /* ImagesListViewController.swift */; };
		47136FE82B926AF200334982 /* Main.storyboard in Resources */ = {isa = PBXBuildFile; fileRef = 47136FE62B926AF200334982 /* Main.storyboard */; };
		47136FEA2B926AF400334982 /* Assets.xcassets in Resources */ = {isa = PBXBuildFile; fileRef = 47136FE92B926AF400334982 /* Assets.xcassets */; };
		47136FED2B926AF400334982 /* LaunchScreen.storyboard in Resources */ = {isa = PBXBuildFile; fileRef = 47136FEB2B926AF400334982 /* LaunchScreen.storyboard */; };
		472C09EB2C4DA160005985C1 /* AuthHelper.swift in Sources */ = {isa = PBXBuildFile; fileRef = 472C09EA2C4DA160005985C1 /* AuthHelper.swift */; };
		472C09F32C4DA8B1005985C1 /* WebViewTests.swift in Sources */ = {isa = PBXBuildFile; fileRef = 472C09F22C4DA8B1005985C1 /* WebViewTests.swift */; };
		472C09FA2C4DAB90005985C1 /* WebViewPresenterSpy.swift in Sources */ = {isa = PBXBuildFile; fileRef = 472C09F92C4DAB90005985C1 /* WebViewPresenterSpy.swift */; };
		472C09FC2C4DABCF005985C1 /* WebViewViewControllerSpy.swift in Sources */ = {isa = PBXBuildFile; fileRef = 472C09FB2C4DABCF005985C1 /* WebViewViewControllerSpy.swift */; };
		472FDF692BE0EBC800DDBE4B /* ProfileImageService.swift in Sources */ = {isa = PBXBuildFile; fileRef = 472FDF682BE0EBC800DDBE4B /* ProfileImageService.swift */; };
		472FDF6B2BE0ED0A00DDBE4B /* UserResult.swift in Sources */ = {isa = PBXBuildFile; fileRef = 472FDF6A2BE0ED0A00DDBE4B /* UserResult.swift */; };
		4766A8F92BBD9B930052B7AF /* AuthViewController.swift in Sources */ = {isa = PBXBuildFile; fileRef = 4766A8F82BBD9B930052B7AF /* AuthViewController.swift */; };
		4766A8FD2BBD9D7B0052B7AF /* WebViewViewController.swift in Sources */ = {isa = PBXBuildFile; fileRef = 4766A8FC2BBD9D7B0052B7AF /* WebViewViewController.swift */; };
		4766A8FF2BC6C2C40052B7AF /* OAuth2Service.swift in Sources */ = {isa = PBXBuildFile; fileRef = 4766A8FE2BC6C2C40052B7AF /* OAuth2Service.swift */; };
		4766A9022BC7178B0052B7AF /* URLSession+objectTask.swift in Sources */ = {isa = PBXBuildFile; fileRef = 4766A9012BC7178B0052B7AF /* URLSession+objectTask.swift */; };
		4766A9052BC71AEF0052B7AF /* OAuth2TokenStorage.swift in Sources */ = {isa = PBXBuildFile; fileRef = 4766A9042BC71AEF0052B7AF /* OAuth2TokenStorage.swift */; };
		4766A9072BC71B020052B7AF /* OAuthTokenResponseBody.swift in Sources */ = {isa = PBXBuildFile; fileRef = 4766A9062BC71B020052B7AF /* OAuthTokenResponseBody.swift */; };
		4766A90A2BC7EC600052B7AF /* SplashViewController.swift in Sources */ = {isa = PBXBuildFile; fileRef = 4766A9092BC7EC600052B7AF /* SplashViewController.swift */; };
		4766A9122BCEBDB00052B7AF /* ProgressHUD in Frameworks */ = {isa = PBXBuildFile; productRef = 4766A9112BCEBDB00052B7AF /* ProgressHUD */; };
		4766A9142BD13DD10052B7AF /* UIBlockingProgressHUD.swift in Sources */ = {isa = PBXBuildFile; fileRef = 4766A9132BD13DD10052B7AF /* UIBlockingProgressHUD.swift */; };
		4766A9162BD1520F0052B7AF /* ProfileService.swift in Sources */ = {isa = PBXBuildFile; fileRef = 4766A9152BD1520F0052B7AF /* ProfileService.swift */; };
		4766A91A2BD153320052B7AF /* ProfileResult.swift in Sources */ = {isa = PBXBuildFile; fileRef = 4766A9192BD153320052B7AF /* ProfileResult.swift */; };
		4766A91C2BD193320052B7AF /* StructProfile.swift in Sources */ = {isa = PBXBuildFile; fileRef = 4766A91B2BD193320052B7AF /* StructProfile.swift */; };
		4768776D2C497A1100C89F5D /* WebViewPresenter.swift in Sources */ = {isa = PBXBuildFile; fileRef = 4768776C2C497A1100C89F5D /* WebViewPresenter.swift */; };
		4769631B2C30317E006BBFA8 /* ImagesListService.swift in Sources */ = {isa = PBXBuildFile; fileRef = 4769631A2C30317E006BBFA8 /* ImagesListService.swift */; };
		4769631D2C317A38006BBFA8 /* ImagesResult.swift in Sources */ = {isa = PBXBuildFile; fileRef = 4769631C2C317A38006BBFA8 /* ImagesResult.swift */; };
		476963252C3492F5006BBFA8 /* ImagesListPresenter.swift in Sources */ = {isa = PBXBuildFile; fileRef = 476963242C3492F5006BBFA8 /* ImagesListPresenter.swift */; };
		476963272C3ACF51006BBFA8 /* ProfileLogoutService.swift in Sources */ = {isa = PBXBuildFile; fileRef = 476963262C3ACF51006BBFA8 /* ProfileLogoutService.swift */; };
		4787B7192C4EF710008EC19A /* ProfilePresenter.swift in Sources */ = {isa = PBXBuildFile; fileRef = 4787B7182C4EF710008EC19A /* ProfilePresenter.swift */; };
		478C98CF2B94C7E500B9B787 /* ImagesListCell.swift in Sources */ = {isa = PBXBuildFile; fileRef = 478C98CE2B94C7E500B9B787 /* ImagesListCell.swift */; };
		4797283F2BA37CD700820EBC /* ProfileViewController.swift in Sources */ = {isa = PBXBuildFile; fileRef = 4797283E2BA37CD700820EBC /* ProfileViewController.swift */; };
		47A05D472BECF7FB00061D70 /* Kingfisher in Frameworks */ = {isa = PBXBuildFile; productRef = 47A05D462BECF7FB00061D70 /* Kingfisher */; };
		47A05D4A2BEE327C00061D70 /* SwiftKeychainWrapper in Frameworks */ = {isa = PBXBuildFile; productRef = 47A05D492BEE327C00061D70 /* SwiftKeychainWrapper */; };
		47A05D512BF0D61F00061D70 /* TabBarController.swift in Sources */ = {isa = PBXBuildFile; fileRef = 47A05D502BF0D61F00061D70 /* TabBarController.swift */; };
		47A8143B2BBC322100F1AB9A /* AuthConfiguration.swift in Sources */ = {isa = PBXBuildFile; fileRef = 47A8143A2BBC322100F1AB9A /* AuthConfiguration.swift */; };
		47D95EBF2BF7B4360075628B /* Alert.swift in Sources */ = {isa = PBXBuildFile; fileRef = 47D95EBE2BF7B4360075628B /* Alert.swift */; };
		47DBF76D2C4EFBC90042E534 /* ProfileViewTests.swift in Sources */ = {isa = PBXBuildFile; fileRef = 47DBF76C2C4EFBC90042E534 /* ProfileViewTests.swift */; };
		47DBF76F2C4EFBDD0042E534 /* ProfileViewControllerSpy.swift in Sources */ = {isa = PBXBuildFile; fileRef = 47DBF76E2C4EFBDD0042E534 /* ProfileViewControllerSpy.swift */; };
		47DBF7712C4EFBF20042E534 /* ProfileViewControllerMock.swift in Sources */ = {isa = PBXBuildFile; fileRef = 47DBF7702C4EFBF20042E534 /* ProfileViewControllerMock.swift */; };
		47DBF7732C4EFC010042E534 /* ProfilePresenterSpy.swift in Sources */ = {isa = PBXBuildFile; fileRef = 47DBF7722C4EFC010042E534 /* ProfilePresenterSpy.swift */; };
		47E920482BA7097E00D3C24C /* SingleImageViewController.swift in Sources */ = {isa = PBXBuildFile; fileRef = 47E920472BA7097E00D3C24C /* SingleImageViewController.swift */; };
/* End PBXBuildFile section */

/* Begin PBXContainerItemProxy section */
		472C09F42C4DA8B1005985C1 /* PBXContainerItemProxy */ = {
			isa = PBXContainerItemProxy;
			containerPortal = 47136FD52B926AF200334982 /* Project object */;
			proxyType = 1;
			remoteGlobalIDString = 47136FDC2B926AF200334982;
			remoteInfo = ImageFeed;
		};
/* End PBXContainerItemProxy section */

/* Begin PBXFileReference section */
		47113D8B2B96616F00C370F7 /* GradientView.swift */ = {isa = PBXFileReference; lastKnownFileType = sourcecode.swift; path = GradientView.swift; sourceTree = "<group>"; };
		47136FDD2B926AF200334982 /* ImageFeed.app */ = {isa = PBXFileReference; explicitFileType = wrapper.application; includeInIndex = 0; path = ImageFeed.app; sourceTree = BUILT_PRODUCTS_DIR; };
		47136FE02B926AF200334982 /* AppDelegate.swift */ = {isa = PBXFileReference; lastKnownFileType = sourcecode.swift; path = AppDelegate.swift; sourceTree = "<group>"; };
		47136FE22B926AF200334982 /* SceneDelegate.swift */ = {isa = PBXFileReference; lastKnownFileType = sourcecode.swift; path = SceneDelegate.swift; sourceTree = "<group>"; };
		47136FE42B926AF200334982 /* ImagesListViewController.swift */ = {isa = PBXFileReference; fileEncoding = 4; lastKnownFileType = sourcecode.swift; path = ImagesListViewController.swift; sourceTree = "<group>"; };
		47136FE72B926AF200334982 /* Base */ = {isa = PBXFileReference; lastKnownFileType = file.storyboard; name = Base; path = Base.lproj/Main.storyboard; sourceTree = "<group>"; };
		47136FE92B926AF400334982 /* Assets.xcassets */ = {isa = PBXFileReference; lastKnownFileType = folder.assetcatalog; path = Assets.xcassets; sourceTree = "<group>"; };
		47136FEC2B926AF400334982 /* Base */ = {isa = PBXFileReference; lastKnownFileType = file.storyboard; name = Base; path = Base.lproj/LaunchScreen.storyboard; sourceTree = "<group>"; };
		47136FEE2B926AF400334982 /* Info.plist */ = {isa = PBXFileReference; lastKnownFileType = text.plist.xml; path = Info.plist; sourceTree = "<group>"; };
		472C09EA2C4DA160005985C1 /* AuthHelper.swift */ = {isa = PBXFileReference; lastKnownFileType = sourcecode.swift; path = AuthHelper.swift; sourceTree = "<group>"; };
		472C09F02C4DA8B1005985C1 /* ImageFeedTests.xctest */ = {isa = PBXFileReference; explicitFileType = wrapper.cfbundle; includeInIndex = 0; path = ImageFeedTests.xctest; sourceTree = BUILT_PRODUCTS_DIR; };
		472C09F22C4DA8B1005985C1 /* WebViewTests.swift */ = {isa = PBXFileReference; lastKnownFileType = sourcecode.swift; path = WebViewTests.swift; sourceTree = "<group>"; };
		472C09F92C4DAB90005985C1 /* WebViewPresenterSpy.swift */ = {isa = PBXFileReference; lastKnownFileType = sourcecode.swift; path = WebViewPresenterSpy.swift; sourceTree = "<group>"; };
		472C09FB2C4DABCF005985C1 /* WebViewViewControllerSpy.swift */ = {isa = PBXFileReference; lastKnownFileType = sourcecode.swift; path = WebViewViewControllerSpy.swift; sourceTree = "<group>"; };
		472FDF682BE0EBC800DDBE4B /* ProfileImageService.swift */ = {isa = PBXFileReference; lastKnownFileType = sourcecode.swift; path = ProfileImageService.swift; sourceTree = "<group>"; };
		472FDF6A2BE0ED0A00DDBE4B /* UserResult.swift */ = {isa = PBXFileReference; lastKnownFileType = sourcecode.swift; path = UserResult.swift; sourceTree = "<group>"; };
		4766A8F82BBD9B930052B7AF /* AuthViewController.swift */ = {isa = PBXFileReference; lastKnownFileType = sourcecode.swift; path = AuthViewController.swift; sourceTree = "<group>"; };
		4766A8FC2BBD9D7B0052B7AF /* WebViewViewController.swift */ = {isa = PBXFileReference; lastKnownFileType = sourcecode.swift; path = WebViewViewController.swift; sourceTree = "<group>"; };
		4766A8FE2BC6C2C40052B7AF /* OAuth2Service.swift */ = {isa = PBXFileReference; lastKnownFileType = sourcecode.swift; path = OAuth2Service.swift; sourceTree = "<group>"; };
		4766A9012BC7178B0052B7AF /* URLSession+objectTask.swift */ = {isa = PBXFileReference; lastKnownFileType = sourcecode.swift; path = "URLSession+objectTask.swift"; sourceTree = "<group>"; };
		4766A9042BC71AEF0052B7AF /* OAuth2TokenStorage.swift */ = {isa = PBXFileReference; lastKnownFileType = sourcecode.swift; path = OAuth2TokenStorage.swift; sourceTree = "<group>"; };
		4766A9062BC71B020052B7AF /* OAuthTokenResponseBody.swift */ = {isa = PBXFileReference; lastKnownFileType = sourcecode.swift; path = OAuthTokenResponseBody.swift; sourceTree = "<group>"; };
		4766A9092BC7EC600052B7AF /* SplashViewController.swift */ = {isa = PBXFileReference; lastKnownFileType = sourcecode.swift; path = SplashViewController.swift; sourceTree = "<group>"; };
		4766A9132BD13DD10052B7AF /* UIBlockingProgressHUD.swift */ = {isa = PBXFileReference; lastKnownFileType = sourcecode.swift; path = UIBlockingProgressHUD.swift; sourceTree = "<group>"; };
		4766A9152BD1520F0052B7AF /* ProfileService.swift */ = {isa = PBXFileReference; lastKnownFileType = sourcecode.swift; path = ProfileService.swift; sourceTree = "<group>"; };
		4766A9192BD153320052B7AF /* ProfileResult.swift */ = {isa = PBXFileReference; lastKnownFileType = sourcecode.swift; path = ProfileResult.swift; sourceTree = "<group>"; };
		4766A91B2BD193320052B7AF /* StructProfile.swift */ = {isa = PBXFileReference; lastKnownFileType = sourcecode.swift; path = StructProfile.swift; sourceTree = "<group>"; };
		4768776C2C497A1100C89F5D /* WebViewPresenter.swift */ = {isa = PBXFileReference; lastKnownFileType = sourcecode.swift; path = WebViewPresenter.swift; sourceTree = "<group>"; };
		4769631A2C30317E006BBFA8 /* ImagesListService.swift */ = {isa = PBXFileReference; lastKnownFileType = sourcecode.swift; path = ImagesListService.swift; sourceTree = "<group>"; };
		4769631C2C317A38006BBFA8 /* ImagesResult.swift */ = {isa = PBXFileReference; lastKnownFileType = sourcecode.swift; path = ImagesResult.swift; sourceTree = "<group>"; };
		476963242C3492F5006BBFA8 /* ImagesListPresenter.swift */ = {isa = PBXFileReference; lastKnownFileType = sourcecode.swift; path = ImagesListPresenter.swift; sourceTree = "<group>"; };
		476963262C3ACF51006BBFA8 /* ProfileLogoutService.swift */ = {isa = PBXFileReference; lastKnownFileType = sourcecode.swift; path = ProfileLogoutService.swift; sourceTree = "<group>"; };
		4787B7182C4EF710008EC19A /* ProfilePresenter.swift */ = {isa = PBXFileReference; lastKnownFileType = sourcecode.swift; path = ProfilePresenter.swift; sourceTree = "<group>"; };
		478C98CE2B94C7E500B9B787 /* ImagesListCell.swift */ = {isa = PBXFileReference; fileEncoding = 4; lastKnownFileType = sourcecode.swift; path = ImagesListCell.swift; sourceTree = "<group>"; };
		4797283E2BA37CD700820EBC /* ProfileViewController.swift */ = {isa = PBXFileReference; lastKnownFileType = sourcecode.swift; path = ProfileViewController.swift; sourceTree = "<group>"; };
		47A05D502BF0D61F00061D70 /* TabBarController.swift */ = {isa = PBXFileReference; lastKnownFileType = sourcecode.swift; path = TabBarController.swift; sourceTree = "<group>"; };
		47A8143A2BBC322100F1AB9A /* AuthConfiguration.swift */ = {isa = PBXFileReference; lastKnownFileType = sourcecode.swift; path = AuthConfiguration.swift; sourceTree = "<group>"; };
		47D95EBE2BF7B4360075628B /* Alert.swift */ = {isa = PBXFileReference; lastKnownFileType = sourcecode.swift; path = Alert.swift; sourceTree = "<group>"; };
		47DBF76C2C4EFBC90042E534 /* ProfileViewTests.swift */ = {isa = PBXFileReference; lastKnownFileType = sourcecode.swift; path = ProfileViewTests.swift; sourceTree = "<group>"; };
		47DBF76E2C4EFBDD0042E534 /* ProfileViewControllerSpy.swift */ = {isa = PBXFileReference; lastKnownFileType = sourcecode.swift; path = ProfileViewControllerSpy.swift; sourceTree = "<group>"; };
		47DBF7702C4EFBF20042E534 /* ProfileViewControllerMock.swift */ = {isa = PBXFileReference; lastKnownFileType = sourcecode.swift; path = ProfileViewControllerMock.swift; sourceTree = "<group>"; };
		47DBF7722C4EFC010042E534 /* ProfilePresenterSpy.swift */ = {isa = PBXFileReference; lastKnownFileType = sourcecode.swift; path = ProfilePresenterSpy.swift; sourceTree = "<group>"; };
		47E920472BA7097E00D3C24C /* SingleImageViewController.swift */ = {isa = PBXFileReference; lastKnownFileType = sourcecode.swift; path = SingleImageViewController.swift; sourceTree = "<group>"; };
/* End PBXFileReference section */

/* Begin PBXFrameworksBuildPhase section */
		47136FDA2B926AF200334982 /* Frameworks */ = {
			isa = PBXFrameworksBuildPhase;
			buildActionMask = 2147483647;
			files = (
				47A05D472BECF7FB00061D70 /* Kingfisher in Frameworks */,
				4766A9122BCEBDB00052B7AF /* ProgressHUD in Frameworks */,
				47A05D4A2BEE327C00061D70 /* SwiftKeychainWrapper in Frameworks */,
			);
			runOnlyForDeploymentPostprocessing = 0;
		};
		472C09ED2C4DA8B1005985C1 /* Frameworks */ = {
			isa = PBXFrameworksBuildPhase;
			buildActionMask = 2147483647;
			files = (
			);
			runOnlyForDeploymentPostprocessing = 0;
		};
/* End PBXFrameworksBuildPhase section */

/* Begin PBXGroup section */
		47136FD42B926AF200334982 = {
			isa = PBXGroup;
			children = (
				47136FDF2B926AF200334982 /* ImageFeed */,
				472C09F12C4DA8B1005985C1 /* ImageFeedTests */,
				47136FDE2B926AF200334982 /* Products */,
			);
			sourceTree = "<group>";
		};
		47136FDE2B926AF200334982 /* Products */ = {
			isa = PBXGroup;
			children = (
				47136FDD2B926AF200334982 /* ImageFeed.app */,
				472C09F02C4DA8B1005985C1 /* ImageFeedTests.xctest */,
			);
			name = Products;
			sourceTree = "<group>";
		};
		47136FDF2B926AF200334982 /* ImageFeed */ = {
			isa = PBXGroup;
			children = (
				47136FE02B926AF200334982 /* AppDelegate.swift */,
				47136FE22B926AF200334982 /* SceneDelegate.swift */,
				47A8143A2BBC322100F1AB9A /* AuthConfiguration.swift */,
				47D95EBD2BF7B4180075628B /* AlertPresenter */,
				4766A9082BC7EC320052B7AF /* Splash */,
				4766A8F52BBD9AEF0052B7AF /* Auth */,
				4766A9032BC71ACE0052B7AF /* Models */,
				4766A9002BC714320052B7AF /* Services */,
				47A05D4F2BF0D5C700061D70 /* TabBarController */,
				47E920462BA7094C00D3C24C /* SingleImage */,
				479728402BA38FAE00820EBC /* Profile */,
				478C98D02B94C84100B9B787 /* ImagesList */,
				47136FE62B926AF200334982 /* Main.storyboard */,
				47136FE92B926AF400334982 /* Assets.xcassets */,
				47136FEB2B926AF400334982 /* LaunchScreen.storyboard */,
				47136FEE2B926AF400334982 /* Info.plist */,
			);
			path = ImageFeed;
			sourceTree = "<group>";
		};
		472C09F12C4DA8B1005985C1 /* ImageFeedTests */ = {
			isa = PBXGroup;
			children = (
				47DBF76B2C4EFBA60042E534 /* ProfileTest */,
				472C09FF2C4DC6FF005985C1 /* WebView */,
			);
			path = ImageFeedTests;
			sourceTree = "<group>";
		};
		472C09FF2C4DC6FF005985C1 /* WebView */ = {
			isa = PBXGroup;
			children = (
				472C09FB2C4DABCF005985C1 /* WebViewViewControllerSpy.swift */,
				472C09F92C4DAB90005985C1 /* WebViewPresenterSpy.swift */,
				472C09F22C4DA8B1005985C1 /* WebViewTests.swift */,
			);
			path = WebView;
			sourceTree = "<group>";
		};
		4766A8F52BBD9AEF0052B7AF /* Auth */ = {
			isa = PBXGroup;
			children = (
				4766A8F82BBD9B930052B7AF /* AuthViewController.swift */,
				4766A8FC2BBD9D7B0052B7AF /* WebViewViewController.swift */,
				4768776C2C497A1100C89F5D /* WebViewPresenter.swift */,
			);
			path = Auth;
			sourceTree = "<group>";
		};
		4766A9002BC714320052B7AF /* Services */ = {
			isa = PBXGroup;
			children = (
				4766A8FE2BC6C2C40052B7AF /* OAuth2Service.swift */,
				4766A9012BC7178B0052B7AF /* URLSession+objectTask.swift */,
				4766A9132BD13DD10052B7AF /* UIBlockingProgressHUD.swift */,
				4766A9152BD1520F0052B7AF /* ProfileService.swift */,
				472FDF682BE0EBC800DDBE4B /* ProfileImageService.swift */,
				4769631A2C30317E006BBFA8 /* ImagesListService.swift */,
				476963262C3ACF51006BBFA8 /* ProfileLogoutService.swift */,
				472C09EA2C4DA160005985C1 /* AuthHelper.swift */,
			);
			path = Services;
			sourceTree = "<group>";
		};
		4766A9032BC71ACE0052B7AF /* Models */ = {
			isa = PBXGroup;
			children = (
				4766A9042BC71AEF0052B7AF /* OAuth2TokenStorage.swift */,
				4766A9062BC71B020052B7AF /* OAuthTokenResponseBody.swift */,
				4766A9192BD153320052B7AF /* ProfileResult.swift */,
				4766A91B2BD193320052B7AF /* StructProfile.swift */,
				472FDF6A2BE0ED0A00DDBE4B /* UserResult.swift */,
				4769631C2C317A38006BBFA8 /* ImagesResult.swift */,
			);
			path = Models;
			sourceTree = "<group>";
		};
		4766A9082BC7EC320052B7AF /* Splash */ = {
			isa = PBXGroup;
			children = (
				4766A9092BC7EC600052B7AF /* SplashViewController.swift */,
			);
			path = Splash;
			sourceTree = "<group>";
		};
		478C98D02B94C84100B9B787 /* ImagesList */ = {
			isa = PBXGroup;
			children = (
				47136FE42B926AF200334982 /* ImagesListViewController.swift */,
				478C98CE2B94C7E500B9B787 /* ImagesListCell.swift */,
				47113D8B2B96616F00C370F7 /* GradientView.swift */,
				476963242C3492F5006BBFA8 /* ImagesListPresenter.swift */,
			);
			path = ImagesList;
			sourceTree = "<group>";
		};
		479728402BA38FAE00820EBC /* Profile */ = {
			isa = PBXGroup;
			children = (
				4797283E2BA37CD700820EBC /* ProfileViewController.swift */,
				4787B7182C4EF710008EC19A /* ProfilePresenter.swift */,
			);
			path = Profile;
			sourceTree = "<group>";
		};
		47A05D4F2BF0D5C700061D70 /* TabBarController */ = {
			isa = PBXGroup;
			children = (
				47A05D502BF0D61F00061D70 /* TabBarController.swift */,
			);
			path = TabBarController;
			sourceTree = "<group>";
		};
		47D95EBD2BF7B4180075628B /* AlertPresenter */ = {
			isa = PBXGroup;
			children = (
				47D95EBE2BF7B4360075628B /* Alert.swift */,
			);
			path = AlertPresenter;
			sourceTree = "<group>";
		};
		47DBF76B2C4EFBA60042E534 /* ProfileTest */ = {
			isa = PBXGroup;
			children = (
				47DBF76C2C4EFBC90042E534 /* ProfileViewTests.swift */,
				47DBF7722C4EFC010042E534 /* ProfilePresenterSpy.swift */,
				47DBF76E2C4EFBDD0042E534 /* ProfileViewControllerSpy.swift */,
				47DBF7702C4EFBF20042E534 /* ProfileViewControllerMock.swift */,
			);
			path = ProfileTest;
			sourceTree = "<group>";
		};
		47E920462BA7094C00D3C24C /* SingleImage */ = {
			isa = PBXGroup;
			children = (
				47E920472BA7097E00D3C24C /* SingleImageViewController.swift */,
			);
			path = SingleImage;
			sourceTree = "<group>";
		};
/* End PBXGroup section */

/* Begin PBXNativeTarget section */
		47136FDC2B926AF200334982 /* ImageFeed */ = {
			isa = PBXNativeTarget;
			buildConfigurationList = 47136FF12B926AF400334982 /* Build configuration list for PBXNativeTarget "ImageFeed" */;
			buildPhases = (
				47136FD92B926AF200334982 /* Sources */,
				47136FDA2B926AF200334982 /* Frameworks */,
				47136FDB2B926AF200334982 /* Resources */,
			);
			buildRules = (
			);
			dependencies = (
			);
			name = ImageFeed;
			packageProductDependencies = (
				4766A9112BCEBDB00052B7AF /* ProgressHUD */,
				47A05D462BECF7FB00061D70 /* Kingfisher */,
				47A05D492BEE327C00061D70 /* SwiftKeychainWrapper */,
			);
			productName = ImageFeed;
			productReference = 47136FDD2B926AF200334982 /* ImageFeed.app */;
			productType = "com.apple.product-type.application";
		};
		472C09EF2C4DA8B1005985C1 /* ImageFeedTests */ = {
			isa = PBXNativeTarget;
			buildConfigurationList = 472C09F62C4DA8B1005985C1 /* Build configuration list for PBXNativeTarget "ImageFeedTests" */;
			buildPhases = (
				472C09EC2C4DA8B1005985C1 /* Sources */,
				472C09ED2C4DA8B1005985C1 /* Frameworks */,
				472C09EE2C4DA8B1005985C1 /* Resources */,
			);
			buildRules = (
			);
			dependencies = (
				472C09F52C4DA8B1005985C1 /* PBXTargetDependency */,
			);
			name = ImageFeedTests;
			productName = ImageFeedTests;
			productReference = 472C09F02C4DA8B1005985C1 /* ImageFeedTests.xctest */;
			productType = "com.apple.product-type.bundle.unit-test";
		};
/* End PBXNativeTarget section */

/* Begin PBXProject section */
		47136FD52B926AF200334982 /* Project object */ = {
			isa = PBXProject;
			attributes = {
				BuildIndependentTargetsInParallel = 1;
				LastSwiftUpdateCheck = 1540;
				LastUpgradeCheck = 1510;
				TargetAttributes = {
					47136FDC2B926AF200334982 = {
						CreatedOnToolsVersion = 15.1;
					};
					472C09EF2C4DA8B1005985C1 = {
						CreatedOnToolsVersion = 15.4;
						TestTargetID = 47136FDC2B926AF200334982;
					};
				};
			};
			buildConfigurationList = 47136FD82B926AF200334982 /* Build configuration list for PBXProject "ImageFeed" */;
			compatibilityVersion = "Xcode 14.0";
			developmentRegion = en;
			hasScannedForEncodings = 0;
			knownRegions = (
				en,
				Base,
			);
			mainGroup = 47136FD42B926AF200334982;
			packageReferences = (
				4766A9102BCEBDB00052B7AF /* XCRemoteSwiftPackageReference "ProgressHUD" */,
				47A05D452BECF7FB00061D70 /* XCRemoteSwiftPackageReference "Kingfisher" */,
				47A05D482BEE327C00061D70 /* XCRemoteSwiftPackageReference "SwiftKeychainWrapper" */,
			);
			productRefGroup = 47136FDE2B926AF200334982 /* Products */;
			projectDirPath = "";
			projectRoot = "";
			targets = (
				47136FDC2B926AF200334982 /* ImageFeed */,
				472C09EF2C4DA8B1005985C1 /* ImageFeedTests */,
			);
		};
/* End PBXProject section */

/* Begin PBXResourcesBuildPhase section */
		47136FDB2B926AF200334982 /* Resources */ = {
			isa = PBXResourcesBuildPhase;
			buildActionMask = 2147483647;
			files = (
				47136FED2B926AF400334982 /* LaunchScreen.storyboard in Resources */,
				47136FEA2B926AF400334982 /* Assets.xcassets in Resources */,
				47136FE82B926AF200334982 /* Main.storyboard in Resources */,
			);
			runOnlyForDeploymentPostprocessing = 0;
		};
		472C09EE2C4DA8B1005985C1 /* Resources */ = {
			isa = PBXResourcesBuildPhase;
			buildActionMask = 2147483647;
			files = (
			);
			runOnlyForDeploymentPostprocessing = 0;
		};
/* End PBXResourcesBuildPhase section */

/* Begin PBXSourcesBuildPhase section */
		47136FD92B926AF200334982 /* Sources */ = {
			isa = PBXSourcesBuildPhase;
			buildActionMask = 2147483647;
			files = (
				4766A8FD2BBD9D7B0052B7AF /* WebViewViewController.swift in Sources */,
				4797283F2BA37CD700820EBC /* ProfileViewController.swift in Sources */,
				4768776D2C497A1100C89F5D /* WebViewPresenter.swift in Sources */,
				476963272C3ACF51006BBFA8 /* ProfileLogoutService.swift in Sources */,
				47136FE52B926AF200334982 /* ImagesListViewController.swift in Sources */,
				47D95EBF2BF7B4360075628B /* Alert.swift in Sources */,
				4766A9142BD13DD10052B7AF /* UIBlockingProgressHUD.swift in Sources */,
				478C98CF2B94C7E500B9B787 /* ImagesListCell.swift in Sources */,
				4787B7192C4EF710008EC19A /* ProfilePresenter.swift in Sources */,
				4769631D2C317A38006BBFA8 /* ImagesResult.swift in Sources */,
				472FDF6B2BE0ED0A00DDBE4B /* UserResult.swift in Sources */,
				4766A8FF2BC6C2C40052B7AF /* OAuth2Service.swift in Sources */,
				47E920482BA7097E00D3C24C /* SingleImageViewController.swift in Sources */,
				4766A9162BD1520F0052B7AF /* ProfileService.swift in Sources */,
				47113D8C2B96616F00C370F7 /* GradientView.swift in Sources */,
				472C09EB2C4DA160005985C1 /* AuthHelper.swift in Sources */,
				47136FE12B926AF200334982 /* AppDelegate.swift in Sources */,
				4766A9022BC7178B0052B7AF /* URLSession+objectTask.swift in Sources */,
				476963252C3492F5006BBFA8 /* ImagesListPresenter.swift in Sources */,
				4766A90A2BC7EC600052B7AF /* SplashViewController.swift in Sources */,
				47A05D512BF0D61F00061D70 /* TabBarController.swift in Sources */,
				47136FE32B926AF200334982 /* SceneDelegate.swift in Sources */,
				4766A9072BC71B020052B7AF /* OAuthTokenResponseBody.swift in Sources */,
				4769631B2C30317E006BBFA8 /* ImagesListService.swift in Sources */,
				4766A8F92BBD9B930052B7AF /* AuthViewController.swift in Sources */,
				4766A91C2BD193320052B7AF /* StructProfile.swift in Sources */,
				4766A9052BC71AEF0052B7AF /* OAuth2TokenStorage.swift in Sources */,
				472FDF692BE0EBC800DDBE4B /* ProfileImageService.swift in Sources */,
				4766A91A2BD153320052B7AF /* ProfileResult.swift in Sources */,
				47A8143B2BBC322100F1AB9A /* AuthConfiguration.swift in Sources */,
			);
			runOnlyForDeploymentPostprocessing = 0;
		};
		472C09EC2C4DA8B1005985C1 /* Sources */ = {
			isa = PBXSourcesBuildPhase;
			buildActionMask = 2147483647;
			files = (
				47DBF76D2C4EFBC90042E534 /* ProfileViewTests.swift in Sources */,
				472C09F32C4DA8B1005985C1 /* WebViewTests.swift in Sources */,
				472C09FC2C4DABCF005985C1 /* WebViewViewControllerSpy.swift in Sources */,
				472C09FA2C4DAB90005985C1 /* WebViewPresenterSpy.swift in Sources */,
				47DBF7712C4EFBF20042E534 /* ProfileViewControllerMock.swift in Sources */,
				47DBF7732C4EFC010042E534 /* ProfilePresenterSpy.swift in Sources */,
				47DBF76F2C4EFBDD0042E534 /* ProfileViewControllerSpy.swift in Sources */,
			);
			runOnlyForDeploymentPostprocessing = 0;
		};
/* End PBXSourcesBuildPhase section */

/* Begin PBXTargetDependency section */
		472C09F52C4DA8B1005985C1 /* PBXTargetDependency */ = {
			isa = PBXTargetDependency;
			target = 47136FDC2B926AF200334982 /* ImageFeed */;
			targetProxy = 472C09F42C4DA8B1005985C1 /* PBXContainerItemProxy */;
		};
/* End PBXTargetDependency section */

/* Begin PBXVariantGroup section */
		47136FE62B926AF200334982 /* Main.storyboard */ = {
			isa = PBXVariantGroup;
			children = (
				47136FE72B926AF200334982 /* Base */,
			);
			name = Main.storyboard;
			sourceTree = "<group>";
		};
		47136FEB2B926AF400334982 /* LaunchScreen.storyboard */ = {
			isa = PBXVariantGroup;
			children = (
				47136FEC2B926AF400334982 /* Base */,
			);
			name = LaunchScreen.storyboard;
			sourceTree = "<group>";
		};
/* End PBXVariantGroup section */

/* Begin XCBuildConfiguration section */
		47136FEF2B926AF400334982 /* Debug */ = {
			isa = XCBuildConfiguration;
			buildSettings = {
				ALWAYS_SEARCH_USER_PATHS = NO;
				ASSETCATALOG_COMPILER_GENERATE_SWIFT_ASSET_SYMBOL_EXTENSIONS = YES;
				CLANG_ANALYZER_NONNULL = YES;
				CLANG_ANALYZER_NUMBER_OBJECT_CONVERSION = YES_AGGRESSIVE;
				CLANG_CXX_LANGUAGE_STANDARD = "gnu++20";
				CLANG_ENABLE_MODULES = YES;
				CLANG_ENABLE_OBJC_ARC = YES;
				CLANG_ENABLE_OBJC_WEAK = YES;
				CLANG_WARN_BLOCK_CAPTURE_AUTORELEASING = YES;
				CLANG_WARN_BOOL_CONVERSION = YES;
				CLANG_WARN_COMMA = YES;
				CLANG_WARN_CONSTANT_CONVERSION = YES;
				CLANG_WARN_DEPRECATED_OBJC_IMPLEMENTATIONS = YES;
				CLANG_WARN_DIRECT_OBJC_ISA_USAGE = YES_ERROR;
				CLANG_WARN_DOCUMENTATION_COMMENTS = YES;
				CLANG_WARN_EMPTY_BODY = YES;
				CLANG_WARN_ENUM_CONVERSION = YES;
				CLANG_WARN_INFINITE_RECURSION = YES;
				CLANG_WARN_INT_CONVERSION = YES;
				CLANG_WARN_NON_LITERAL_NULL_CONVERSION = YES;
				CLANG_WARN_OBJC_IMPLICIT_RETAIN_SELF = YES;
				CLANG_WARN_OBJC_LITERAL_CONVERSION = YES;
				CLANG_WARN_OBJC_ROOT_CLASS = YES_ERROR;
				CLANG_WARN_QUOTED_INCLUDE_IN_FRAMEWORK_HEADER = YES;
				CLANG_WARN_RANGE_LOOP_ANALYSIS = YES;
				CLANG_WARN_STRICT_PROTOTYPES = YES;
				CLANG_WARN_SUSPICIOUS_MOVE = YES;
				CLANG_WARN_UNGUARDED_AVAILABILITY = YES_AGGRESSIVE;
				CLANG_WARN_UNREACHABLE_CODE = YES;
				CLANG_WARN__DUPLICATE_METHOD_MATCH = YES;
				COPY_PHASE_STRIP = NO;
				DEBUG_INFORMATION_FORMAT = dwarf;
				ENABLE_STRICT_OBJC_MSGSEND = YES;
				ENABLE_TESTABILITY = YES;
				ENABLE_USER_SCRIPT_SANDBOXING = YES;
				GCC_C_LANGUAGE_STANDARD = gnu17;
				GCC_DYNAMIC_NO_PIC = NO;
				GCC_NO_COMMON_BLOCKS = YES;
				GCC_OPTIMIZATION_LEVEL = 0;
				GCC_PREPROCESSOR_DEFINITIONS = (
					"DEBUG=1",
					"$(inherited)",
				);
				GCC_WARN_64_TO_32_BIT_CONVERSION = YES;
				GCC_WARN_ABOUT_RETURN_TYPE = YES_ERROR;
				GCC_WARN_UNDECLARED_SELECTOR = YES;
				GCC_WARN_UNINITIALIZED_AUTOS = YES_AGGRESSIVE;
				GCC_WARN_UNUSED_FUNCTION = YES;
				GCC_WARN_UNUSED_VARIABLE = YES;
				IPHONEOS_DEPLOYMENT_TARGET = 13.0;
				LOCALIZATION_PREFERS_STRING_CATALOGS = YES;
				MTL_ENABLE_DEBUG_INFO = INCLUDE_SOURCE;
				MTL_FAST_MATH = YES;
				ONLY_ACTIVE_ARCH = YES;
				SDKROOT = iphoneos;
				SWIFT_ACTIVE_COMPILATION_CONDITIONS = "DEBUG $(inherited)";
				SWIFT_OPTIMIZATION_LEVEL = "-Onone";
			};
			name = Debug;
		};
		47136FF02B926AF400334982 /* Release */ = {
			isa = XCBuildConfiguration;
			buildSettings = {
				ALWAYS_SEARCH_USER_PATHS = NO;
				ASSETCATALOG_COMPILER_GENERATE_SWIFT_ASSET_SYMBOL_EXTENSIONS = YES;
				CLANG_ANALYZER_NONNULL = YES;
				CLANG_ANALYZER_NUMBER_OBJECT_CONVERSION = YES_AGGRESSIVE;
				CLANG_CXX_LANGUAGE_STANDARD = "gnu++20";
				CLANG_ENABLE_MODULES = YES;
				CLANG_ENABLE_OBJC_ARC = YES;
				CLANG_ENABLE_OBJC_WEAK = YES;
				CLANG_WARN_BLOCK_CAPTURE_AUTORELEASING = YES;
				CLANG_WARN_BOOL_CONVERSION = YES;
				CLANG_WARN_COMMA = YES;
				CLANG_WARN_CONSTANT_CONVERSION = YES;
				CLANG_WARN_DEPRECATED_OBJC_IMPLEMENTATIONS = YES;
				CLANG_WARN_DIRECT_OBJC_ISA_USAGE = YES_ERROR;
				CLANG_WARN_DOCUMENTATION_COMMENTS = YES;
				CLANG_WARN_EMPTY_BODY = YES;
				CLANG_WARN_ENUM_CONVERSION = YES;
				CLANG_WARN_INFINITE_RECURSION = YES;
				CLANG_WARN_INT_CONVERSION = YES;
				CLANG_WARN_NON_LITERAL_NULL_CONVERSION = YES;
				CLANG_WARN_OBJC_IMPLICIT_RETAIN_SELF = YES;
				CLANG_WARN_OBJC_LITERAL_CONVERSION = YES;
				CLANG_WARN_OBJC_ROOT_CLASS = YES_ERROR;
				CLANG_WARN_QUOTED_INCLUDE_IN_FRAMEWORK_HEADER = YES;
				CLANG_WARN_RANGE_LOOP_ANALYSIS = YES;
				CLANG_WARN_STRICT_PROTOTYPES = YES;
				CLANG_WARN_SUSPICIOUS_MOVE = YES;
				CLANG_WARN_UNGUARDED_AVAILABILITY = YES_AGGRESSIVE;
				CLANG_WARN_UNREACHABLE_CODE = YES;
				CLANG_WARN__DUPLICATE_METHOD_MATCH = YES;
				COPY_PHASE_STRIP = NO;
				DEBUG_INFORMATION_FORMAT = "dwarf-with-dsym";
				ENABLE_NS_ASSERTIONS = NO;
				ENABLE_STRICT_OBJC_MSGSEND = YES;
				ENABLE_USER_SCRIPT_SANDBOXING = YES;
				GCC_C_LANGUAGE_STANDARD = gnu17;
				GCC_NO_COMMON_BLOCKS = YES;
				GCC_WARN_64_TO_32_BIT_CONVERSION = YES;
				GCC_WARN_ABOUT_RETURN_TYPE = YES_ERROR;
				GCC_WARN_UNDECLARED_SELECTOR = YES;
				GCC_WARN_UNINITIALIZED_AUTOS = YES_AGGRESSIVE;
				GCC_WARN_UNUSED_FUNCTION = YES;
				GCC_WARN_UNUSED_VARIABLE = YES;
				IPHONEOS_DEPLOYMENT_TARGET = 13.0;
				LOCALIZATION_PREFERS_STRING_CATALOGS = YES;
				MTL_ENABLE_DEBUG_INFO = NO;
				MTL_FAST_MATH = YES;
				SDKROOT = iphoneos;
				SWIFT_COMPILATION_MODE = wholemodule;
				VALIDATE_PRODUCT = YES;
			};
			name = Release;
		};
		47136FF22B926AF400334982 /* Debug */ = {
			isa = XCBuildConfiguration;
			buildSettings = {
				ASSETCATALOG_COMPILER_APPICON_NAME = AppIcon;
				ASSETCATALOG_COMPILER_GLOBAL_ACCENT_COLOR_NAME = AccentColor;
				CODE_SIGN_STYLE = Automatic;
				CURRENT_PROJECT_VERSION = 1;
				DEVELOPMENT_TEAM = 23S69NAK72;
				GENERATE_INFOPLIST_FILE = YES;
				INFOPLIST_FILE = ImageFeed/Info.plist;
				INFOPLIST_KEY_UIApplicationSupportsIndirectInputEvents = YES;
				INFOPLIST_KEY_UILaunchStoryboardName = LaunchScreen;
				INFOPLIST_KEY_UIMainStoryboardFile = Main;
				INFOPLIST_KEY_UISupportedInterfaceOrientations = UIInterfaceOrientationPortrait;
				IPHONEOS_DEPLOYMENT_TARGET = 13.0;
				LD_RUNPATH_SEARCH_PATHS = (
					"$(inherited)",
					"@executable_path/Frameworks",
				);
				MARKETING_VERSION = 1.0;
				PRODUCT_BUNDLE_IDENTIFIER = "com.gmail-zhuk76787.ImageFeed";
				PRODUCT_NAME = "$(TARGET_NAME)";
				SUPPORTED_PLATFORMS = "iphoneos iphonesimulator";
				SUPPORTS_MACCATALYST = NO;
				SUPPORTS_MAC_DESIGNED_FOR_IPHONE_IPAD = YES;
				SUPPORTS_XR_DESIGNED_FOR_IPHONE_IPAD = NO;
				SWIFT_EMIT_LOC_STRINGS = YES;
				SWIFT_VERSION = 5.0;
				TARGETED_DEVICE_FAMILY = 1;
			};
			name = Debug;
		};
		47136FF32B926AF400334982 /* Release */ = {
			isa = XCBuildConfiguration;
			buildSettings = {
				ASSETCATALOG_COMPILER_APPICON_NAME = AppIcon;
				ASSETCATALOG_COMPILER_GLOBAL_ACCENT_COLOR_NAME = AccentColor;
				CODE_SIGN_STYLE = Automatic;
				CURRENT_PROJECT_VERSION = 1;
				DEVELOPMENT_TEAM = 23S69NAK72;
				GENERATE_INFOPLIST_FILE = YES;
				INFOPLIST_FILE = ImageFeed/Info.plist;
				INFOPLIST_KEY_UIApplicationSupportsIndirectInputEvents = YES;
				INFOPLIST_KEY_UILaunchStoryboardName = LaunchScreen;
				INFOPLIST_KEY_UIMainStoryboardFile = Main;
				INFOPLIST_KEY_UISupportedInterfaceOrientations = UIInterfaceOrientationPortrait;
				IPHONEOS_DEPLOYMENT_TARGET = 13.0;
				LD_RUNPATH_SEARCH_PATHS = (
					"$(inherited)",
					"@executable_path/Frameworks",
				);
				MARKETING_VERSION = 1.0;
				PRODUCT_BUNDLE_IDENTIFIER = "com.gmail-zhuk76787.ImageFeed";
				PRODUCT_NAME = "$(TARGET_NAME)";
				SUPPORTED_PLATFORMS = "iphoneos iphonesimulator";
				SUPPORTS_MACCATALYST = NO;
				SUPPORTS_MAC_DESIGNED_FOR_IPHONE_IPAD = YES;
				SUPPORTS_XR_DESIGNED_FOR_IPHONE_IPAD = NO;
				SWIFT_EMIT_LOC_STRINGS = YES;
				SWIFT_VERSION = 5.0;
				TARGETED_DEVICE_FAMILY = 1;
			};
			name = Release;
		};
		472C09F72C4DA8B1005985C1 /* Debug */ = {
			isa = XCBuildConfiguration;
			buildSettings = {
				BUNDLE_LOADER = "$(TEST_HOST)";
				CODE_SIGN_STYLE = Automatic;
				CURRENT_PROJECT_VERSION = 1;
				DEVELOPMENT_TEAM = 23S69NAK72;
				GENERATE_INFOPLIST_FILE = YES;
				IPHONEOS_DEPLOYMENT_TARGET = 17.5;
				MARKETING_VERSION = 1.0;
				PRODUCT_BUNDLE_IDENTIFIER = "com.gmail-zhuk76787.ImageFeedTests";
				PRODUCT_NAME = "$(TARGET_NAME)";
				SWIFT_EMIT_LOC_STRINGS = NO;
				SWIFT_VERSION = 5.0;
				TARGETED_DEVICE_FAMILY = "1,2";
				TEST_HOST = "$(BUILT_PRODUCTS_DIR)/ImageFeed.app/$(BUNDLE_EXECUTABLE_FOLDER_PATH)/ImageFeed";
			};
			name = Debug;
		};
		472C09F82C4DA8B1005985C1 /* Release */ = {
			isa = XCBuildConfiguration;
			buildSettings = {
				BUNDLE_LOADER = "$(TEST_HOST)";
				CODE_SIGN_STYLE = Automatic;
				CURRENT_PROJECT_VERSION = 1;
				DEVELOPMENT_TEAM = 23S69NAK72;
				GENERATE_INFOPLIST_FILE = YES;
				IPHONEOS_DEPLOYMENT_TARGET = 17.5;
				MARKETING_VERSION = 1.0;
				PRODUCT_BUNDLE_IDENTIFIER = "com.gmail-zhuk76787.ImageFeedTests";
				PRODUCT_NAME = "$(TARGET_NAME)";
				SWIFT_EMIT_LOC_STRINGS = NO;
				SWIFT_VERSION = 5.0;
				TARGETED_DEVICE_FAMILY = "1,2";
				TEST_HOST = "$(BUILT_PRODUCTS_DIR)/ImageFeed.app/$(BUNDLE_EXECUTABLE_FOLDER_PATH)/ImageFeed";
			};
			name = Release;
		};
/* End XCBuildConfiguration section */

/* Begin XCConfigurationList section */
		47136FD82B926AF200334982 /* Build configuration list for PBXProject "ImageFeed" */ = {
			isa = XCConfigurationList;
			buildConfigurations = (
				47136FEF2B926AF400334982 /* Debug */,
				47136FF02B926AF400334982 /* Release */,
			);
			defaultConfigurationIsVisible = 0;
			defaultConfigurationName = Release;
		};
		47136FF12B926AF400334982 /* Build configuration list for PBXNativeTarget "ImageFeed" */ = {
			isa = XCConfigurationList;
			buildConfigurations = (
				47136FF22B926AF400334982 /* Debug */,
				47136FF32B926AF400334982 /* Release */,
			);
			defaultConfigurationIsVisible = 0;
			defaultConfigurationName = Release;
		};
		472C09F62C4DA8B1005985C1 /* Build configuration list for PBXNativeTarget "ImageFeedTests" */ = {
			isa = XCConfigurationList;
			buildConfigurations = (
				472C09F72C4DA8B1005985C1 /* Debug */,
				472C09F82C4DA8B1005985C1 /* Release */,
			);
			defaultConfigurationIsVisible = 0;
			defaultConfigurationName = Release;
		};
/* End XCConfigurationList section */

/* Begin XCRemoteSwiftPackageReference section */
		4766A9102BCEBDB00052B7AF /* XCRemoteSwiftPackageReference "ProgressHUD" */ = {
			isa = XCRemoteSwiftPackageReference;
			repositoryURL = "https://github.com/relatedcode/ProgressHUD";
			requirement = {
				kind = exactVersion;
				version = 14.1.1;
			};
		};
		47A05D452BECF7FB00061D70 /* XCRemoteSwiftPackageReference "Kingfisher" */ = {
			isa = XCRemoteSwiftPackageReference;
			repositoryURL = "https://github.com/onevcat/Kingfisher.git";
			requirement = {
				kind = upToNextMajorVersion;
				minimumVersion = 7.11.0;
			};
		};
		47A05D482BEE327C00061D70 /* XCRemoteSwiftPackageReference "SwiftKeychainWrapper" */ = {
			isa = XCRemoteSwiftPackageReference;
			repositoryURL = "https://github.com/jrendel/SwiftKeychainWrapper";
			requirement = {
				kind = upToNextMajorVersion;
				minimumVersion = 4.0.1;
			};
		};
/* End XCRemoteSwiftPackageReference section */

/* Begin XCSwiftPackageProductDependency section */
		4766A9112BCEBDB00052B7AF /* ProgressHUD */ = {
			isa = XCSwiftPackageProductDependency;
			package = 4766A9102BCEBDB00052B7AF /* XCRemoteSwiftPackageReference "ProgressHUD" */;
			productName = ProgressHUD;
		};
		47A05D462BECF7FB00061D70 /* Kingfisher */ = {
			isa = XCSwiftPackageProductDependency;
			package = 47A05D452BECF7FB00061D70 /* XCRemoteSwiftPackageReference "Kingfisher" */;
			productName = Kingfisher;
		};
		47A05D492BEE327C00061D70 /* SwiftKeychainWrapper */ = {
			isa = XCSwiftPackageProductDependency;
			package = 47A05D482BEE327C00061D70 /* XCRemoteSwiftPackageReference "SwiftKeychainWrapper" */;
			productName = SwiftKeychainWrapper;
		};
/* End XCSwiftPackageProductDependency section */
	};
	rootObject = 47136FD52B926AF200334982 /* Project object */;
}
