// !$*UTF8*$!
{
	archiveVersion = 1;
	classes = {
	};
	objectVersion = 56;
	objects = {

/* Begin PBXBuildFile section */
		47113D8C2B96616F00C370F7 /* GradientView.swift in Sources */ = {isa = PBXBuildFile; fileRef = 47113D8B2B96616F00C370F7 /* GradientView.swift */; };
		47136FE12B926AF200334982 /* AppDelegate.swift in Sources */ = {isa = PBXBuildFile; fileRef = 47136FE02B926AF200334982 /* AppDelegate.swift */; };
		47136FE32B926AF200334982 /* SceneDelegate.swift in Sources */ = {isa = PBXBuildFile; fileRef = 47136FE22B926AF200334982 /* SceneDelegate.swift */; };
		47136FE52B926AF200334982 /* ImagesListViewController.swift in Sources */ = {isa = PBXBuildFile; fileRef = 47136FE42B926AF200334982 /* ImagesListViewController.swift */; };
		47136FE82B926AF200334982 /* Main.storyboard in Resources */ = {isa = PBXBuildFile; fileRef = 47136FE62B926AF200334982 /* Main.storyboard */; };
		47136FEA2B926AF400334982 /* Assets.xcassets in Resources */ = {isa = PBXBuildFile; fileRef = 47136FE92B926AF400334982 /* Assets.xcassets */; };
		47136FED2B926AF400334982 /* LaunchScreen.storyboard in Resources */ = {isa = PBXBuildFile; fileRef = 47136FEB2B926AF400334982 /* LaunchScreen.storyboard */; };
		4766A8F92BBD9B930052B7AF /* AuthViewController.swift in Sources */ = {isa = PBXBuildFile; fileRef = 4766A8F82BBD9B930052B7AF /* AuthViewController.swift */; };
		4766A8FD2BBD9D7B0052B7AF /* WebViewViewController.swift in Sources */ = {isa = PBXBuildFile; fileRef = 4766A8FC2BBD9D7B0052B7AF /* WebViewViewController.swift */; };
		478C98CF2B94C7E500B9B787 /* ImagesListCell.swift in Sources */ = {isa = PBXBuildFile; fileRef = 478C98CE2B94C7E500B9B787 /* ImagesListCell.swift */; };
		4797283F2BA37CD700820EBC /* ProfileViewController.swift in Sources */ = {isa = PBXBuildFile; fileRef = 4797283E2BA37CD700820EBC /* ProfileViewController.swift */; };
		47A8143B2BBC322100F1AB9A /* Constants.swift in Sources */ = {isa = PBXBuildFile; fileRef = 47A8143A2BBC322100F1AB9A /* Constants.swift */; };
		47E920482BA7097E00D3C24C /* SingleImageViewController.swift in Sources */ = {isa = PBXBuildFile; fileRef = 47E920472BA7097E00D3C24C /* SingleImageViewController.swift */; };
/* End PBXBuildFile section */

/* Begin PBXFileReference section */
		47113D8B2B96616F00C370F7 /* GradientView.swift */ = {isa = PBXFileReference; lastKnownFileType = sourcecode.swift; path = GradientView.swift; sourceTree = "<group>"; };
		47136FDD2B926AF200334982 /* ImageFeed.app */ = {isa = PBXFileReference; explicitFileType = wrapper.application; includeInIndex = 0; path = ImageFeed.app; sourceTree = BUILT_PRODUCTS_DIR; };
		47136FE02B926AF200334982 /* AppDelegate.swift */ = {isa = PBXFileReference; lastKnownFileType = sourcecode.swift; path = AppDelegate.swift; sourceTree = "<group>"; };
		47136FE22B926AF200334982 /* SceneDelegate.swift */ = {isa = PBXFileReference; lastKnownFileType = sourcecode.swift; path = SceneDelegate.swift; sourceTree = "<group>"; };
		47136FE42B926AF200334982 /* ImagesListViewController.swift */ = {isa = PBXFileReference; fileEncoding = 4; lastKnownFileType = sourcecode.swift; path = ImagesListViewController.swift; sourceTree = "<group>"; };
		47136FE72B926AF200334982 /* Base */ = {isa = PBXFileReference; lastKnownFileType = file.storyboard; name = Base; path = Base.lproj/Main.storyboard; sourceTree = "<group>"; };
		47136FE92B926AF400334982 /* Assets.xcassets */ = {isa = PBXFileReference; lastKnownFileType = folder.assetcatalog; path = Assets.xcassets; sourceTree = "<group>"; };
		47136FEC2B926AF400334982 /* Base */ = {isa = PBXFileReference; lastKnownFileType = file.storyboard; name = Base; path = Base.lproj/LaunchScreen.storyboard; sourceTree = "<group>"; };
		47136FEE2B926AF400334982 /* Info.plist */ = {isa = PBXFileReference; lastKnownFileType = text.plist.xml; path = Info.plist; sourceTree = "<group>"; };
		4766A8F82BBD9B930052B7AF /* AuthViewController.swift */ = {isa = PBXFileReference; lastKnownFileType = sourcecode.swift; path = AuthViewController.swift; sourceTree = "<group>"; };
		4766A8FC2BBD9D7B0052B7AF /* WebViewViewController.swift */ = {isa = PBXFileReference; lastKnownFileType = sourcecode.swift; path = WebViewViewController.swift; sourceTree = "<group>"; };
		478C98CE2B94C7E500B9B787 /* ImagesListCell.swift */ = {isa = PBXFileReference; fileEncoding = 4; lastKnownFileType = sourcecode.swift; path = ImagesListCell.swift; sourceTree = "<group>"; };
		4797283E2BA37CD700820EBC /* ProfileViewController.swift */ = {isa = PBXFileReference; lastKnownFileType = sourcecode.swift; path = ProfileViewController.swift; sourceTree = "<group>"; };
		47A8143A2BBC322100F1AB9A /* Constants.swift */ = {isa = PBXFileReference; lastKnownFileType = sourcecode.swift; path = Constants.swift; sourceTree = "<group>"; };
		47E920472BA7097E00D3C24C /* SingleImageViewController.swift */ = {isa = PBXFileReference; lastKnownFileType = sourcecode.swift; path = SingleImageViewController.swift; sourceTree = "<group>"; };
/* End PBXFileReference section */

/* Begin PBXFrameworksBuildPhase section */
		47136FDA2B926AF200334982 /* Frameworks */ = {
			isa = PBXFrameworksBuildPhase;
			buildActionMask = 2147483647;
			files = (
			);
			runOnlyForDeploymentPostprocessing = 0;
		};
/* End PBXFrameworksBuildPhase section */

/* Begin PBXGroup section */
		47136FD42B926AF200334982 = {
			isa = PBXGroup;
			children = (
				47136FDF2B926AF200334982 /* ImageFeed */,
				47136FDE2B926AF200334982 /* Products */,
			);
			sourceTree = "<group>";
		};
		47136FDE2B926AF200334982 /* Products */ = {
			isa = PBXGroup;
			children = (
				47136FDD2B926AF200334982 /* ImageFeed.app */,
			);
			name = Products;
			sourceTree = "<group>";
		};
		47136FDF2B926AF200334982 /* ImageFeed */ = {
			isa = PBXGroup;
			children = (
				4766A8F52BBD9AEF0052B7AF /* Auth */,
				47136FE02B926AF200334982 /* AppDelegate.swift */,
				47136FE22B926AF200334982 /* SceneDelegate.swift */,
				47A8143A2BBC322100F1AB9A /* Constants.swift */,
				47E920462BA7094C00D3C24C /* SingleImage */,
				479728402BA38FAE00820EBC /* Profile */,
				478C98D02B94C84100B9B787 /* ImagesList */,
				47136FE62B926AF200334982 /* Main.storyboard */,
				47136FE92B926AF400334982 /* Assets.xcassets */,
				47136FEB2B926AF400334982 /* LaunchScreen.storyboard */,
				47136FEE2B926AF400334982 /* Info.plist */,
			);
			path = ImageFeed;
			sourceTree = "<group>";
		};
		4766A8F52BBD9AEF0052B7AF /* Auth */ = {
			isa = PBXGroup;
			children = (
				4766A8F82BBD9B930052B7AF /* AuthViewController.swift */,
				4766A8FC2BBD9D7B0052B7AF /* WebViewViewController.swift */,
			);
			path = Auth;
			sourceTree = "<group>";
		};
		478C98D02B94C84100B9B787 /* ImagesList */ = {
			isa = PBXGroup;
			children = (
				47136FE42B926AF200334982 /* ImagesListViewController.swift */,
				478C98CE2B94C7E500B9B787 /* ImagesListCell.swift */,
				47113D8B2B96616F00C370F7 /* GradientView.swift */,
			);
			path = ImagesList;
			sourceTree = "<group>";
		};
		479728402BA38FAE00820EBC /* Profile */ = {
			isa = PBXGroup;
			children = (
				4797283E2BA37CD700820EBC /* ProfileViewController.swift */,
			);
			path = Profile;
			sourceTree = "<group>";
		};
		47E920462BA7094C00D3C24C /* SingleImage */ = {
			isa = PBXGroup;
			children = (
				47E920472BA7097E00D3C24C /* SingleImageViewController.swift */,
			);
			path = SingleImage;
			sourceTree = "<group>";
		};
/* End PBXGroup section */

/* Begin PBXNativeTarget section */
		47136FDC2B926AF200334982 /* ImageFeed */ = {
			isa = PBXNativeTarget;
			buildConfigurationList = 47136FF12B926AF400334982 /* Build configuration list for PBXNativeTarget "ImageFeed" */;
			buildPhases = (
				47136FD92B926AF200334982 /* Sources */,
				47136FDA2B926AF200334982 /* Frameworks */,
				47136FDB2B926AF200334982 /* Resources */,
			);
			buildRules = (
			);
			dependencies = (
			);
			name = ImageFeed;
			productName = ImageFeed;
			productReference = 47136FDD2B926AF200334982 /* ImageFeed.app */;
			productType = "com.apple.product-type.application";
		};
/* End PBXNativeTarget section */

/* Begin PBXProject section */
		47136FD52B926AF200334982 /* Project object */ = {
			isa = PBXProject;
			attributes = {
				BuildIndependentTargetsInParallel = 1;
				LastSwiftUpdateCheck = 1510;
				LastUpgradeCheck = 1510;
				TargetAttributes = {
					47136FDC2B926AF200334982 = {
						CreatedOnToolsVersion = 15.1;
					};
				};
			};
			buildConfigurationList = 47136FD82B926AF200334982 /* Build configuration list for PBXProject "ImageFeed" */;
			compatibilityVersion = "Xcode 14.0";
			developmentRegion = en;
			hasScannedForEncodings = 0;
			knownRegions = (
				en,
				Base,
			);
			mainGroup = 47136FD42B926AF200334982;
			productRefGroup = 47136FDE2B926AF200334982 /* Products */;
			projectDirPath = "";
			projectRoot = "";
			targets = (
				47136FDC2B926AF200334982 /* ImageFeed */,
			);
		};
/* End PBXProject section */

/* Begin PBXResourcesBuildPhase section */
		47136FDB2B926AF200334982 /* Resources */ = {
			isa = PBXResourcesBuildPhase;
			buildActionMask = 2147483647;
			files = (
				47136FED2B926AF400334982 /* LaunchScreen.storyboard in Resources */,
				47136FEA2B926AF400334982 /* Assets.xcassets in Resources */,
				47136FE82B926AF200334982 /* Main.storyboard in Resources */,
			);
			runOnlyForDeploymentPostprocessing = 0;
		};
/* End PBXResourcesBuildPhase section */

/* Begin PBXSourcesBuildPhase section */
		47136FD92B926AF200334982 /* Sources */ = {
			isa = PBXSourcesBuildPhase;
			buildActionMask = 2147483647;
			files = (
				4766A8FD2BBD9D7B0052B7AF /* WebViewViewController.swift in Sources */,
				4797283F2BA37CD700820EBC /* ProfileViewController.swift in Sources */,
				47136FE52B926AF200334982 /* ImagesListViewController.swift in Sources */,
				478C98CF2B94C7E500B9B787 /* ImagesListCell.swift in Sources */,
				47E920482BA7097E00D3C24C /* SingleImageViewController.swift in Sources */,
				47113D8C2B96616F00C370F7 /* GradientView.swift in Sources */,
				47136FE12B926AF200334982 /* AppDelegate.swift in Sources */,
				47136FE32B926AF200334982 /* SceneDelegate.swift in Sources */,
				4766A8F92BBD9B930052B7AF /* AuthViewController.swift in Sources */,
				47A8143B2BBC322100F1AB9A /* Constants.swift in Sources */,
			);
			runOnlyForDeploymentPostprocessing = 0;
		};
/* End PBXSourcesBuildPhase section */

/* Begin PBXVariantGroup section */
		47136FE62B926AF200334982 /* Main.storyboard */ = {
			isa = PBXVariantGroup;
			children = (
				47136FE72B926AF200334982 /* Base */,
			);
			name = Main.storyboard;
			sourceTree = "<group>";
		};
		47136FEB2B926AF400334982 /* LaunchScreen.storyboard */ = {
			isa = PBXVariantGroup;
			children = (
				47136FEC2B926AF400334982 /* Base */,
			);
			name = LaunchScreen.storyboard;
			sourceTree = "<group>";
		};
/* End PBXVariantGroup section */

/* Begin XCBuildConfiguration section */
		47136FEF2B926AF400334982 /* Debug */ = {
			isa = XCBuildConfiguration;
			buildSettings = {
				ALWAYS_SEARCH_USER_PATHS = NO;
				ASSETCATALOG_COMPILER_GENERATE_SWIFT_ASSET_SYMBOL_EXTENSIONS = YES;
				CLANG_ANALYZER_NONNULL = YES;
				CLANG_ANALYZER_NUMBER_OBJECT_CONVERSION = YES_AGGRESSIVE;
				CLANG_CXX_LANGUAGE_STANDARD = "gnu++20";
				CLANG_ENABLE_MODULES = YES;
				CLANG_ENABLE_OBJC_ARC = YES;
				CLANG_ENABLE_OBJC_WEAK = YES;
				CLANG_WARN_BLOCK_CAPTURE_AUTORELEASING = YES;
				CLANG_WARN_BOOL_CONVERSION = YES;
				CLANG_WARN_COMMA = YES;
				CLANG_WARN_CONSTANT_CONVERSION = YES;
				CLANG_WARN_DEPRECATED_OBJC_IMPLEMENTATIONS = YES;
				CLANG_WARN_DIRECT_OBJC_ISA_USAGE = YES_ERROR;
				CLANG_WARN_DOCUMENTATION_COMMENTS = YES;
				CLANG_WARN_EMPTY_BODY = YES;
				CLANG_WARN_ENUM_CONVERSION = YES;
				CLANG_WARN_INFINITE_RECURSION = YES;
				CLANG_WARN_INT_CONVERSION = YES;
				CLANG_WARN_NON_LITERAL_NULL_CONVERSION = YES;
				CLANG_WARN_OBJC_IMPLICIT_RETAIN_SELF = YES;
				CLANG_WARN_OBJC_LITERAL_CONVERSION = YES;
				CLANG_WARN_OBJC_ROOT_CLASS = YES_ERROR;
				CLANG_WARN_QUOTED_INCLUDE_IN_FRAMEWORK_HEADER = YES;
				CLANG_WARN_RANGE_LOOP_ANALYSIS = YES;
				CLANG_WARN_STRICT_PROTOTYPES = YES;
				CLANG_WARN_SUSPICIOUS_MOVE = YES;
				CLANG_WARN_UNGUARDED_AVAILABILITY = YES_AGGRESSIVE;
				CLANG_WARN_UNREACHABLE_CODE = YES;
				CLANG_WARN__DUPLICATE_METHOD_MATCH = YES;
				COPY_PHASE_STRIP = NO;
				DEBUG_INFORMATION_FORMAT = dwarf;
				ENABLE_STRICT_OBJC_MSGSEND = YES;
				ENABLE_TESTABILITY = YES;
				ENABLE_USER_SCRIPT_SANDBOXING = YES;
				GCC_C_LANGUAGE_STANDARD = gnu17;
				GCC_DYNAMIC_NO_PIC = NO;
				GCC_NO_COMMON_BLOCKS = YES;
				GCC_OPTIMIZATION_LEVEL = 0;
				GCC_PREPROCESSOR_DEFINITIONS = (
					"DEBUG=1",
					"$(inherited)",
				);
				GCC_WARN_64_TO_32_BIT_CONVERSION = YES;
				GCC_WARN_ABOUT_RETURN_TYPE = YES_ERROR;
				GCC_WARN_UNDECLARED_SELECTOR = YES;
				GCC_WARN_UNINITIALIZED_AUTOS = YES_AGGRESSIVE;
				GCC_WARN_UNUSED_FUNCTION = YES;
				GCC_WARN_UNUSED_VARIABLE = YES;
				IPHONEOS_DEPLOYMENT_TARGET = 13.0;
				LOCALIZATION_PREFERS_STRING_CATALOGS = YES;
				MTL_ENABLE_DEBUG_INFO = INCLUDE_SOURCE;
				MTL_FAST_MATH = YES;
				ONLY_ACTIVE_ARCH = YES;
				SDKROOT = iphoneos;
				SWIFT_ACTIVE_COMPILATION_CONDITIONS = "DEBUG $(inherited)";
				SWIFT_OPTIMIZATION_LEVEL = "-Onone";
			};
			name = Debug;
		};
		47136FF02B926AF400334982 /* Release */ = {
			isa = XCBuildConfiguration;
			buildSettings = {
				ALWAYS_SEARCH_USER_PATHS = NO;
				ASSETCATALOG_COMPILER_GENERATE_SWIFT_ASSET_SYMBOL_EXTENSIONS = YES;
				CLANG_ANALYZER_NONNULL = YES;
				CLANG_ANALYZER_NUMBER_OBJECT_CONVERSION = YES_AGGRESSIVE;
				CLANG_CXX_LANGUAGE_STANDARD = "gnu++20";
				CLANG_ENABLE_MODULES = YES;
				CLANG_ENABLE_OBJC_ARC = YES;
				CLANG_ENABLE_OBJC_WEAK = YES;
				CLANG_WARN_BLOCK_CAPTURE_AUTORELEASING = YES;
				CLANG_WARN_BOOL_CONVERSION = YES;
				CLANG_WARN_COMMA = YES;
				CLANG_WARN_CONSTANT_CONVERSION = YES;
				CLANG_WARN_DEPRECATED_OBJC_IMPLEMENTATIONS = YES;
				CLANG_WARN_DIRECT_OBJC_ISA_USAGE = YES_ERROR;
				CLANG_WARN_DOCUMENTATION_COMMENTS = YES;
				CLANG_WARN_EMPTY_BODY = YES;
				CLANG_WARN_ENUM_CONVERSION = YES;
				CLANG_WARN_INFINITE_RECURSION = YES;
				CLANG_WARN_INT_CONVERSION = YES;
				CLANG_WARN_NON_LITERAL_NULL_CONVERSION = YES;
				CLANG_WARN_OBJC_IMPLICIT_RETAIN_SELF = YES;
				CLANG_WARN_OBJC_LITERAL_CONVERSION = YES;
				CLANG_WARN_OBJC_ROOT_CLASS = YES_ERROR;
				CLANG_WARN_QUOTED_INCLUDE_IN_FRAMEWORK_HEADER = YES;
				CLANG_WARN_RANGE_LOOP_ANALYSIS = YES;
				CLANG_WARN_STRICT_PROTOTYPES = YES;
				CLANG_WARN_SUSPICIOUS_MOVE = YES;
				CLANG_WARN_UNGUARDED_AVAILABILITY = YES_AGGRESSIVE;
				CLANG_WARN_UNREACHABLE_CODE = YES;
				CLANG_WARN__DUPLICATE_METHOD_MATCH = YES;
				COPY_PHASE_STRIP = NO;
				DEBUG_INFORMATION_FORMAT = "dwarf-with-dsym";
				ENABLE_NS_ASSERTIONS = NO;
				ENABLE_STRICT_OBJC_MSGSEND = YES;
				ENABLE_USER_SCRIPT_SANDBOXING = YES;
				GCC_C_LANGUAGE_STANDARD = gnu17;
				GCC_NO_COMMON_BLOCKS = YES;
				GCC_WARN_64_TO_32_BIT_CONVERSION = YES;
				GCC_WARN_ABOUT_RETURN_TYPE = YES_ERROR;
				GCC_WARN_UNDECLARED_SELECTOR = YES;
				GCC_WARN_UNINITIALIZED_AUTOS = YES_AGGRESSIVE;
				GCC_WARN_UNUSED_FUNCTION = YES;
				GCC_WARN_UNUSED_VARIABLE = YES;
				IPHONEOS_DEPLOYMENT_TARGET = 13.0;
				LOCALIZATION_PREFERS_STRING_CATALOGS = YES;
				MTL_ENABLE_DEBUG_INFO = NO;
				MTL_FAST_MATH = YES;
				SDKROOT = iphoneos;
				SWIFT_COMPILATION_MODE = wholemodule;
				VALIDATE_PRODUCT = YES;
			};
			name = Release;
		};
		47136FF22B926AF400334982 /* Debug */ = {
			isa = XCBuildConfiguration;
			buildSettings = {
				ASSETCATALOG_COMPILER_APPICON_NAME = AppIcon;
				ASSETCATALOG_COMPILER_GLOBAL_ACCENT_COLOR_NAME = AccentColor;
				CODE_SIGN_STYLE = Automatic;
				CURRENT_PROJECT_VERSION = 1;
				DEVELOPMENT_TEAM = 23S69NAK72;
				GENERATE_INFOPLIST_FILE = YES;
				INFOPLIST_FILE = ImageFeed/Info.plist;
				INFOPLIST_KEY_UIApplicationSupportsIndirectInputEvents = YES;
				INFOPLIST_KEY_UILaunchStoryboardName = LaunchScreen;
				INFOPLIST_KEY_UIMainStoryboardFile = Main;
				INFOPLIST_KEY_UISupportedInterfaceOrientations = UIInterfaceOrientationPortrait;
				IPHONEOS_DEPLOYMENT_TARGET = 13.0;
				LD_RUNPATH_SEARCH_PATHS = (
					"$(inherited)",
					"@executable_path/Frameworks",
				);
				MARKETING_VERSION = 1.0;
				PRODUCT_BUNDLE_IDENTIFIER = "com.gmail-zhuk76787.ImageFeed";
				PRODUCT_NAME = "$(TARGET_NAME)";
				SUPPORTED_PLATFORMS = "iphoneos iphonesimulator";
				SUPPORTS_MACCATALYST = NO;
				SUPPORTS_MAC_DESIGNED_FOR_IPHONE_IPAD = YES;
				SUPPORTS_XR_DESIGNED_FOR_IPHONE_IPAD = NO;
				SWIFT_EMIT_LOC_STRINGS = YES;
				SWIFT_VERSION = 5.0;
				TARGETED_DEVICE_FAMILY = 1;
			};
			name = Debug;
		};
		47136FF32B926AF400334982 /* Release */ = {
			isa = XCBuildConfiguration;
			buildSettings = {
				ASSETCATALOG_COMPILER_APPICON_NAME = AppIcon;
				ASSETCATALOG_COMPILER_GLOBAL_ACCENT_COLOR_NAME = AccentColor;
				CODE_SIGN_STYLE = Automatic;
				CURRENT_PROJECT_VERSION = 1;
				DEVELOPMENT_TEAM = 23S69NAK72;
				GENERATE_INFOPLIST_FILE = YES;
				INFOPLIST_FILE = ImageFeed/Info.plist;
				INFOPLIST_KEY_UIApplicationSupportsIndirectInputEvents = YES;
				INFOPLIST_KEY_UILaunchStoryboardName = LaunchScreen;
				INFOPLIST_KEY_UIMainStoryboardFile = Main;
				INFOPLIST_KEY_UISupportedInterfaceOrientations = UIInterfaceOrientationPortrait;
				IPHONEOS_DEPLOYMENT_TARGET = 13.0;
				LD_RUNPATH_SEARCH_PATHS = (
					"$(inherited)",
					"@executable_path/Frameworks",
				);
				MARKETING_VERSION = 1.0;
				PRODUCT_BUNDLE_IDENTIFIER = "com.gmail-zhuk76787.ImageFeed";
				PRODUCT_NAME = "$(TARGET_NAME)";
				SUPPORTED_PLATFORMS = "iphoneos iphonesimulator";
				SUPPORTS_MACCATALYST = NO;
				SUPPORTS_MAC_DESIGNED_FOR_IPHONE_IPAD = YES;
				SUPPORTS_XR_DESIGNED_FOR_IPHONE_IPAD = NO;
				SWIFT_EMIT_LOC_STRINGS = YES;
				SWIFT_VERSION = 5.0;
				TARGETED_DEVICE_FAMILY = 1;
			};
			name = Release;
		};
/* End XCBuildConfiguration section */

/* Begin XCConfigurationList section */
		47136FD82B926AF200334982 /* Build configuration list for PBXProject "ImageFeed" */ = {
			isa = XCConfigurationList;
			buildConfigurations = (
				47136FEF2B926AF400334982 /* Debug */,
				47136FF02B926AF400334982 /* Release */,
			);
			defaultConfigurationIsVisible = 0;
			defaultConfigurationName = Release;
		};
		47136FF12B926AF400334982 /* Build configuration list for PBXNativeTarget "ImageFeed" */ = {
			isa = XCConfigurationList;
			buildConfigurations = (
				47136FF22B926AF400334982 /* Debug */,
				47136FF32B926AF400334982 /* Release */,
			);
			defaultConfigurationIsVisible = 0;
			defaultConfigurationName = Release;
		};
/* End XCConfigurationList section */
	};
	rootObject = 47136FD52B926AF200334982 /* Project object */;
}
